Microsoft Visual Studio Solution File, Format Version 11.00
# Visual Studio 2008

Project("{C44B9DBE-194A-3A35-750B-561324F8602F}") = "TinderRPG", "Assembly-CSharp.csproj", "{8744EFBB-2B46-13F6-ED72-E57568710535}"
EndProject
Global
	GlobalSection(SolutionConfigurationPlatforms) = preSolution
		Debug|Any CPU = Debug|Any CPU
		Release|Any CPU = Release|Any CPU
	EndGlobalSection
	GlobalSection(ProjectConfigurationPlatforms) = postSolution
		{8744EFBB-2B46-13F6-ED72-E57568710535}.Debug|Any CPU.ActiveCfg = Debug|Any CPU
		{8744EFBB-2B46-13F6-ED72-E57568710535}.Debug|Any CPU.Build.0 = Debug|Any CPU
		{8744EFBB-2B46-13F6-ED72-E57568710535}.Release|Any CPU.ActiveCfg = Release|Any CPU
		{8744EFBB-2B46-13F6-ED72-E57568710535}.Release|Any CPU.Build.0 = Release|Any CPU
	EndGlobalSection
	GlobalSection(SolutionProperties) = preSolution
		HideSolutionNode = FALSE
	EndGlobalSection
	GlobalSection(MonoDevelopProperties) = preSolution
		StartupItem = Assembly-CSharp.csproj
	EndGlobalSection
EndGlobal
